{
  "originHash" : "672571bb2d1a3081d7fec98f6b86c9669b132cfbd829e7f0199567c76621d7ce",
  "pins" : [
    {
      "identity" : "swift-binary-parsing",
      "kind" : "remoteSourceControl",
      "location" : "https://github.com/0xpablo/swift-binary-parsing",
      "state" : {
        "revision" : "fd7c1618b77fa3bf05efdd418dce4dfb38146369",
        "version" : "0.0.2-0xpablo.1"
      }
    },
    {
      "identity" : "swift-syntax",
      "kind" : "remoteSourceControl",
      "location" : "https://github.com/swiftlang/swift-syntax.git",
      "state" : {
        "revision" : "79e4b74a295b6eb74a8b585e3a39d29e70c1dbd1",
        "version" : "603.0.2"
      }
    }
  ],
  "version" : 3
}
